
Microsoft Visual Studio Solution File, Format Version 12.00
# Visual Studio 14
VisualStudioVersion = 14.0.25420.1
MinimumVisualStudioVersion = 10.0.40219.1
Project("{2150E333-8FDC-42A3-9474-1A3956D46DE8}") = "src", "src", "{81CE765B-A6C2-48DB-AC58-1F7708C6D835}"
EndProject
Project("{2150E333-8FDC-42A3-9474-1A3956D46DE8}") = "Solution Items", "Solution Items", "{FA1C2691-FCD5-4F2F-AEC2-8B2EEB686A4D}"
	ProjectSection(SolutionItems) = preProject
		global.json = global.json
	EndProjectSection
EndProject
Project("{8BB2217D-0F2D-49D1-97BC-3654ED321F3B}") = "CIAT.DAPA.USAID.Forecast.Data", "src\CIAT.DAPA.USAID.Forecast.Data\CIAT.DAPA.USAID.Forecast.Data.xproj", "{445FB95A-599D-4BD9-BCDB-6A0091B49822}"
EndProject
Project("{8BB2217D-0F2D-49D1-97BC-3654ED321F3B}") = "CIAT.DAPA.USAID.Forecast.WebAdmin", "src\CIAT.DAPA.USAID.Forecast.WebAdmin\CIAT.DAPA.USAID.Forecast.WebAdmin.xproj", "{5584E6EA-2160-4305-945B-60534BB5482D}"
EndProject
Project("{8BB2217D-0F2D-49D1-97BC-3654ED321F3B}") = "CIAT.DAPA.USAID.Forecast.WebAPI", "src\CIAT.DAPA.USAID.Forecast.WebAPI\CIAT.DAPA.USAID.Forecast.WebAPI.xproj", "{5668D9BF-22F6-40B8-A918-057BD8329EF9}"
EndProject
Project("{8BB2217D-0F2D-49D1-97BC-3654ED321F3B}") = "CIAT.DAPA.USAID.Forecast.Web", "src\CIAT.DAPA.USAID.Forecast.Web\CIAT.DAPA.USAID.Forecast.Web.xproj", "{3E6B4539-A9B6-4764-87DD-297AD8F61EBB}"
EndProject
Project("{8BB2217D-0F2D-49D1-97BC-3654ED321F3B}") = "CIAT.DAPA.USAID.Forecast.Test", "src\CIAT.DAPA.USAID.Forecast.Test\CIAT.DAPA.USAID.Forecast.Test.xproj", "{86648C36-1EB4-4036-A9C5-1370CF2B13B1}"
EndProject
Global
	GlobalSection(SolutionConfigurationPlatforms) = preSolution
		Debug|Any CPU = Debug|Any CPU
		Release|Any CPU = Release|Any CPU
	EndGlobalSection
	GlobalSection(ProjectConfigurationPlatforms) = postSolution
		{445FB95A-599D-4BD9-BCDB-6A0091B49822}.Debug|Any CPU.ActiveCfg = Debug|Any CPU
		{445FB95A-599D-4BD9-BCDB-6A0091B49822}.Debug|Any CPU.Build.0 = Debug|Any CPU
		{445FB95A-599D-4BD9-BCDB-6A0091B49822}.Release|Any CPU.ActiveCfg = Release|Any CPU
		{445FB95A-599D-4BD9-BCDB-6A0091B49822}.Release|Any CPU.Build.0 = Release|Any CPU
		{5584E6EA-2160-4305-945B-60534BB5482D}.Debug|Any CPU.ActiveCfg = Debug|Any CPU
		{5584E6EA-2160-4305-945B-60534BB5482D}.Debug|Any CPU.Build.0 = Debug|Any CPU
		{5584E6EA-2160-4305-945B-60534BB5482D}.Release|Any CPU.ActiveCfg = Release|Any CPU
		{5584E6EA-2160-4305-945B-60534BB5482D}.Release|Any CPU.Build.0 = Release|Any CPU
		{5668D9BF-22F6-40B8-A918-057BD8329EF9}.Debug|Any CPU.ActiveCfg = Debug|Any CPU
		{5668D9BF-22F6-40B8-A918-057BD8329EF9}.Debug|Any CPU.Build.0 = Debug|Any CPU
		{5668D9BF-22F6-40B8-A918-057BD8329EF9}.Release|Any CPU.ActiveCfg = Release|Any CPU
		{5668D9BF-22F6-40B8-A918-057BD8329EF9}.Release|Any CPU.Build.0 = Release|Any CPU
		{3E6B4539-A9B6-4764-87DD-297AD8F61EBB}.Debug|Any CPU.ActiveCfg = Debug|Any CPU
		{3E6B4539-A9B6-4764-87DD-297AD8F61EBB}.Debug|Any CPU.Build.0 = Debug|Any CPU
		{3E6B4539-A9B6-4764-87DD-297AD8F61EBB}.Release|Any CPU.ActiveCfg = Release|Any CPU
		{3E6B4539-A9B6-4764-87DD-297AD8F61EBB}.Release|Any CPU.Build.0 = Release|Any CPU
		{86648C36-1EB4-4036-A9C5-1370CF2B13B1}.Debug|Any CPU.ActiveCfg = Debug|Any CPU
		{86648C36-1EB4-4036-A9C5-1370CF2B13B1}.Debug|Any CPU.Build.0 = Debug|Any CPU
		{86648C36-1EB4-4036-A9C5-1370CF2B13B1}.Release|Any CPU.ActiveCfg = Release|Any CPU
		{86648C36-1EB4-4036-A9C5-1370CF2B13B1}.Release|Any CPU.Build.0 = Release|Any CPU
	EndGlobalSection
	GlobalSection(SolutionProperties) = preSolution
		HideSolutionNode = FALSE
	EndGlobalSection
	GlobalSection(NestedProjects) = preSolution
		{445FB95A-599D-4BD9-BCDB-6A0091B49822} = {81CE765B-A6C2-48DB-AC58-1F7708C6D835}
		{5584E6EA-2160-4305-945B-60534BB5482D} = {81CE765B-A6C2-48DB-AC58-1F7708C6D835}
		{5668D9BF-22F6-40B8-A918-057BD8329EF9} = {81CE765B-A6C2-48DB-AC58-1F7708C6D835}
		{3E6B4539-A9B6-4764-87DD-297AD8F61EBB} = {81CE765B-A6C2-48DB-AC58-1F7708C6D835}
		{86648C36-1EB4-4036-A9C5-1370CF2B13B1} = {81CE765B-A6C2-48DB-AC58-1F7708C6D835}
	EndGlobalSection
EndGlobal
